
Microsoft Visual Studio Solution File, Format Version 12.00
# Visual Studio Version 16
VisualStudioVersion = 16.0.30523.141
MinimumVisualStudioVersion = 10.0.40219.1
Project("{FAE04EC0-301F-11D3-BF4B-00C04F79EFBC}") = "EmployeeManagerServices", "EmployeeManagerServices\EmployeeManagerServices.csproj", "{62D35262-7D3D-4422-99B9-A813B23025AF}"
EndProject
Global
	GlobalSection(SolutionConfigurationPlatforms) = preSolution
		Debug|Any CPU = Debug|Any CPU
		Release|Any CPU = Release|Any CPU
	EndGlobalSection
	GlobalSection(ProjectConfigurationPlatforms) = postSolution
		{62D35262-7D3D-4422-99B9-A813B23025AF}.Debug|Any CPU.ActiveCfg = Debug|Any CPU
		{62D35262-7D3D-4422-99B9-A813B23025AF}.Debug|Any CPU.Build.0 = Debug|Any CPU
		{62D35262-7D3D-4422-99B9-A813B23025AF}.Release|Any CPU.ActiveCfg = Release|Any CPU
		{62D35262-7D3D-4422-99B9-A813B23025AF}.Release|Any CPU.Build.0 = Release|Any CPU
	EndGlobalSection
	GlobalSection(SolutionProperties) = preSolution
		HideSolutionNode = FALSE
	EndGlobalSection
	GlobalSection(ExtensibilityGlobals) = postSolution
		SolutionGuid = {472CE63B-2F10-4E54-9301-F3D7C7ECC79E}
	EndGlobalSection
EndGlobal
